<?xml version="1.0" encoding="utf-8"?>
<Project ToolsVersion="4.0" xmlns="http://schemas.microsoft.com/developer/msbuild/2003">
  <ItemGroup>
    <Filter Include="Исходные файлы">
      <UniqueIdentifier>{4FC737F1-C7A5-4376-A066-2A32D752A2FF}</UniqueIdentifier>
      <Extensions>cpp;c;cc;cxx;c++;cppm;ixx;def;odl;idl;hpj;bat;asm;asmx</Extensions>
    </Filter>
    <Filter Include="Файлы заголовков">
      <UniqueIdentifier>{93995380-89BD-4b04-88EB-625FBE52EBFB}</UniqueIdentifier>
      <Extensions>h;hh;hpp;hxx;h++;hm;inl;inc;ipp;xsd</Extensions>
    </Filter>
    <Filter Include="Файлы ресурсов">
      <UniqueIdentifier>{67DA6AB6-F800-4c08-8B7A-83BB121AAD01}</UniqueIdentifier>
      <Extensions>rc;ico;cur;bmp;dlg;rc2;rct;bin;rgs;gif;jpg;jpeg;jpe;resx;tiff;tif;png;wav;mfcribbon-ms</Extensions>
    </Filter>
    <Filter Include="Файлы заголовков\DirectX">
      <UniqueIdentifier>{150d7dbb-ce66-418a-a6df-94fcadde36b8}</UniqueIdentifier>
    </Filter>
  </ItemGroup>
  <ItemGroup>
    <ClCompile Include="src\GBuffer.cpp">
      <Filter>Исходные файлы</Filter>
    </ClCompile>
    <ClCompile Include="src\RenderingSystem.cpp">
      <Filter>Исходные файлы</Filter>
    </ClCompile>
    <ClCompile Include="src\Timer.cpp">
      <Filter>Исходные файлы</Filter>
    </ClCompile>
    <ClCompile Include="src\Window.cpp">
      <Filter>Исходные файлы</Filter>
    </ClCompile>
    <ClCompile Include="src\winMain.cpp">
      <Filter>Исходные файлы</Filter>
    </ClCompile>
    <ClCompile Include="src\Framework.cpp">
      <Filter>Исходные файлы</Filter>
    </ClCompile>
  </ItemGroup>
  <ItemGroup>
    <None Include="shader\Phong.hlsl">
      <Filter>Файлы ресурсов</Filter>
    </None>
    <None Include="shader\DeferredGeometry.hlsl">
      <Filter>Файлы ресурсов</Filter>
    </None>
    <None Include="shader\DeferredLighting.hlsl">
      <Filter>Файлы ресурсов</Filter>
    </None>
    <None Include="shader\Wireframe.hlsl">
      <Filter>Файлы ресурсов</Filter>
    </None>
  </ItemGroup>
  <ItemGroup>
    <ClInclude Include="include\Framework.hpp">
      <Filter>Файлы заголовков</Filter>
    </ClInclude>
    <ClInclude Include="include\GBuffer.hpp">
      <Filter>Файлы заголовков</Filter>
    </ClInclude>
    <ClInclude Include="include\RenderingSystem.hpp">
      <Filter>Файлы заголовков</Filter>
    </ClInclude>
    <ClInclude Include="include\RenderStructs.hpp">
      <Filter>Файлы заголовков</Filter>
    </ClInclude>
    <ClInclude Include="include\Timer.hpp">
      <Filter>Файлы заголовков</Filter>
    </ClInclude>
    <ClInclude Include="include\tiny_obj_loader.h">
      <Filter>Файлы заголовков</Filter>
    </ClInclude>
    <ClInclude Include="include\UploadBuffer.hpp">
      <Filter>Файлы заголовков</Filter>
    </ClInclude>
    <ClInclude Include="include\Window.hpp">
      <Filter>Файлы заголовков</Filter>
    </ClInclude>
    <ClInclude Include="include\Dx12Common.hpp">
      <Filter>Файлы заголовков</Filter>
    </ClInclude>
    <ClInclude Include="include\directx\d3d12.h">
      <Filter>Файлы заголовков\DirectX</Filter>
    </ClInclude>
    <ClInclude Include="include\directx\d3dx12.h">
      <Filter>Файлы заголовков\DirectX</Filter>
    </ClInclude>
    <ClInclude Include="include\directx\d3dx12_barriers.h">
      <Filter>Файлы заголовков\DirectX</Filter>
    </ClInclude>
    <ClInclude Include="include\directx\d3dx12_check_feature_support.h">
      <Filter>Файлы заголовков\DirectX</Filter>
    </ClInclude>
    <ClInclude Include="include\directx\d3dx12_core.h">
      <Filter>Файлы заголовков\DirectX</Filter>
    </ClInclude>
    <ClInclude Include="include\directx\d3dx12_default.h">
      <Filter>Файлы заголовков\DirectX</Filter>
    </ClInclude>
    <ClInclude Include="include\directx\d3dx12_pipeline_state_stream.h">
      <Filter>Файлы заголовков\DirectX</Filter>
    </ClInclude>
    <ClInclude Include="include\directx\d3dx12_property_format_table.h">
      <Filter>Файлы заголовков\DirectX</Filter>
    </ClInclude>
    <ClInclude Include="include\directx\d3dx12_render_pass.h">
      <Filter>Файлы заголовков\DirectX</Filter>
    </ClInclude>
    <ClInclude Include="include\directx\d3dx12_resource_helpers.h">
      <Filter>Файлы заголовков\DirectX</Filter>
    </ClInclude>
    <ClInclude Include="include\directx\d3dx12_root_signature.h">
      <Filter>Файлы заголовков\DirectX</Filter>
    </ClInclude>
    <ClInclude Include="include\directx\d3dx12_state_object.h">
      <Filter>Файлы заголовков\DirectX</Filter>
    </ClInclude>
  </ItemGroup>
</Project>